
Microsoft Visual Studio Solution File, Format Version 12.00
# Visual Studio Version 17
VisualStudioVersion = 17.9.34728.123
MinimumVisualStudioVersion = 10.0.40219.1
Project("{FAE04EC0-301F-11D3-BF4B-00C04F79EFBC}") = "Lab2_KPO", "Lab2_KPO\Lab2_KPO.csproj", "{5D61FB3D-A7E6-42AD-9B56-4A06A1594BC1}"
EndProject
Global
	GlobalSection(SolutionConfigurationPlatforms) = preSolution
		Debug|Any CPU = Debug|Any CPU
		Release|Any CPU = Release|Any CPU
	EndGlobalSection
	GlobalSection(ProjectConfigurationPlatforms) = postSolution
		{5D61FB3D-A7E6-42AD-9B56-4A06A1594BC1}.Debug|Any CPU.ActiveCfg = Debug|Any CPU
		{5D61FB3D-A7E6-42AD-9B56-4A06A1594BC1}.Debug|Any CPU.Build.0 = Debug|Any CPU
		{5D61FB3D-A7E6-42AD-9B56-4A06A1594BC1}.Release|Any CPU.ActiveCfg = Release|Any CPU
		{5D61FB3D-A7E6-42AD-9B56-4A06A1594BC1}.Release|Any CPU.Build.0 = Release|Any CPU
	EndGlobalSection
	GlobalSection(SolutionProperties) = preSolution
		HideSolutionNode = FALSE
	EndGlobalSection
	GlobalSection(ExtensibilityGlobals) = postSolution
		SolutionGuid = {2F0C11CB-3FFF-4E07-82E6-1B729371E63C}
	EndGlobalSection
EndGlobal
